
Microsoft Visual Studio Solution File, Format Version 11.00
# Visual Studio 2010
Project("{FAE04EC0-301F-11D3-BF4B-00C04F79EFBC}") = "VoteR", "VoteR.csproj", "{EAA9C951-257E-4312-849F-6A38E089E3CF}"
EndProject
Global
	GlobalSection(SolutionConfigurationPlatforms) = preSolution
		Debug|Any CPU = Debug|Any CPU
		Release|Any CPU = Release|Any CPU
	EndGlobalSection
	GlobalSection(ProjectConfigurationPlatforms) = postSolution
		{EAA9C951-257E-4312-849F-6A38E089E3CF}.Debug|Any CPU.ActiveCfg = Debug|Any CPU
		{EAA9C951-257E-4312-849F-6A38E089E3CF}.Debug|Any CPU.Build.0 = Debug|Any CPU
		{EAA9C951-257E-4312-849F-6A38E089E3CF}.Release|Any CPU.ActiveCfg = Release|Any CPU
		{EAA9C951-257E-4312-849F-6A38E089E3CF}.Release|Any CPU.Build.0 = Release|Any CPU
	EndGlobalSection
	GlobalSection(SolutionProperties) = preSolution
		HideSolutionNode = FALSE
	EndGlobalSection
EndGlobal
